
Microsoft Visual Studio Solution File, Format Version 12.00
# Visual Studio Version 17
VisualStudioVersion = 17.11.35303.130
MinimumVisualStudioVersion = 10.0.40219.1
Project("{8BC9CEB8-8B4A-11D0-8D11-00A0C91BC942}") = "spool-ss", "spool-ss\spool-ss.vcxproj", "{C716E4AE-0AA0-621E-9EBF-AEEAD572562C}"
EndProject
Project("{8BC9CEB8-8B4A-11D0-8D11-00A0C91BC942}") = "spool-cc", "spool-cc\spool-cc.vcxproj", "{C0DD29F3-E226-BC65-90DB-5B283E26C40C}"
EndProject
Global
	GlobalSection(SolutionConfigurationPlatforms) = preSolution
		Release|x64 = Release|x64
		Release|x86 = Release|x86
	EndGlobalSection
	GlobalSection(ProjectConfigurationPlatforms) = postSolution
		{C716E4AE-0AA0-621E-9EBF-AEEAD572562C}.Release|x64.ActiveCfg = Release|x64
		{C716E4AE-0AA0-621E-9EBF-AEEAD572562C}.Release|x64.Build.0 = Release|x64
		{C716E4AE-0AA0-621E-9EBF-AEEAD572562C}.Release|x86.ActiveCfg = Release|x64
		{C0DD29F3-E226-BC65-90DB-5B283E26C40C}.Release|x64.ActiveCfg = Release|x64
		{C0DD29F3-E226-BC65-90DB-5B283E26C40C}.Release|x64.Build.0 = Release|x64
		{C0DD29F3-E226-BC65-90DB-5B283E26C40C}.Release|x86.ActiveCfg = Release|Win32
		{C0DD29F3-E226-BC65-90DB-5B283E26C40C}.Release|x86.Build.0 = Release|Win32
	EndGlobalSection
	GlobalSection(SolutionProperties) = preSolution
		HideSolutionNode = FALSE
	EndGlobalSection
	GlobalSection(ExtensibilityGlobals) = postSolution
		SolutionGuid = {5EC74774-9A8B-48BB-9CBA-AEDE1157BBD0}
	EndGlobalSection
EndGlobal
